
Microsoft Visual Studio Solution File, Format Version 12.00
# Visual Studio 14
VisualStudioVersion = 14.0.24720.0
MinimumVisualStudioVersion = 10.0.40219.1
Project("{FAE04EC0-301F-11D3-BF4B-00C04F79EFBC}") = "BotanyEV3Controller", "BotanyEV3Controller\BotanyEV3Controller.csproj", "{982D870D-44DF-4805-99E5-F6AF40088F21}"
	ProjectSection(ProjectDependencies) = postProject
		{2DCA4733-253C-4B90-99A1-E265E610D318} = {2DCA4733-253C-4B90-99A1-E265E610D318}
	EndProjectSection
EndProject
Project("{FAE04EC0-301F-11D3-BF4B-00C04F79EFBC}") = "BotanyEV3Library", "BotanyEV3Library\BotanyEV3Library.csproj", "{2DCA4733-253C-4B90-99A1-E265E610D318}"
EndProject
Global
	GlobalSection(SolutionConfigurationPlatforms) = preSolution
		Debug|Any CPU = Debug|Any CPU
		Release|Any CPU = Release|Any CPU
	EndGlobalSection
	GlobalSection(ProjectConfigurationPlatforms) = postSolution
		{982D870D-44DF-4805-99E5-F6AF40088F21}.Debug|Any CPU.ActiveCfg = Debug|Any CPU
		{982D870D-44DF-4805-99E5-F6AF40088F21}.Debug|Any CPU.Build.0 = Debug|Any CPU
		{982D870D-44DF-4805-99E5-F6AF40088F21}.Release|Any CPU.ActiveCfg = Release|Any CPU
		{982D870D-44DF-4805-99E5-F6AF40088F21}.Release|Any CPU.Build.0 = Release|Any CPU
		{2DCA4733-253C-4B90-99A1-E265E610D318}.Debug|Any CPU.ActiveCfg = Debug|Any CPU
		{2DCA4733-253C-4B90-99A1-E265E610D318}.Debug|Any CPU.Build.0 = Debug|Any CPU
		{2DCA4733-253C-4B90-99A1-E265E610D318}.Release|Any CPU.ActiveCfg = Release|Any CPU
		{2DCA4733-253C-4B90-99A1-E265E610D318}.Release|Any CPU.Build.0 = Release|Any CPU
	EndGlobalSection
	GlobalSection(SolutionProperties) = preSolution
		HideSolutionNode = FALSE
	EndGlobalSection
EndGlobal
